{
    "_readme": [
        "This file locks the dependencies of your project to a known state",
        "Read more about it at https://getcomposer.org/doc/01-basic-usage.md#composer-lock-the-lock-file",
        "This file is @generated automatically"
    ],
    "content-hash": "b43b2dc0b188b972976a627b7aa9cb7c",
    "packages": [
        {
            "name": "components/jquery",
            "version": "3.2.1",
            "source": {
                "type": "git",
                "url": "https://github.com/components/jquery.git",
                "reference": "e5534d4ab8e80c159553d507e358ed20a806d3bf"
            },
            "dist": {
                "type": "zip",
                "url": "https://api.github.com/repos/components/jquery/zipball/e5534d4ab8e80c159553d507e358ed20a806d3bf",
                "reference": "e5534d4ab8e80c159553d507e358ed20a806d3bf",
                "shasum": ""
            },
            "type": "component",
            "extra": {
                "component": {
                    "scripts": [
                        "jquery.js"
                    ],
                    "files": [
                        "jquery.min.js",
                        "jquery.min.map",
                        "jquery.slim.js",
                        "jquery.slim.min.js",
                        "jquery.slim.min.map"
                    ]
                }
            },
            "notification-url": "https://packagist.org/downloads/",
            "license": [
                "MIT"
            ],
            "authors": [
                {
                    "name": "JS Foundation and other contributors"
                }
            ],
            "description": "jQuery JavaScript Library",
            "homepage": "http://jquery.com",
            "time": "2017-03-21T07:01:49+00:00"
        },
        {
            "name": "contao-components/installer",
            "version": "1.2.6",
            "source": {
                "type": "git",
                "url": "https://github.com/contao-components/installer.git",
                "reference": "953000a725c22bba8f346761399cb47f1b364305"
            },
            "dist": {
                "type": "zip",
                "url": "https://api.github.com/repos/contao-components/installer/zipball/953000a725c22bba8f346761399cb47f1b364305",
                "reference": "953000a725c22bba8f346761399cb47f1b364305",
                "shasum": ""
            },
            "require": {
                "composer-plugin-api": "^1.0",
                "php": "^5.6|^7.0"
            },
            "require-dev": {
                "composer/composer": "^1.0",
                "friendsofphp/php-cs-fixer": "^2.0",
                "phpunit/phpunit": "^4.5",
                "satooshi/php-coveralls": "^1.0"
            },
            "type": "composer-plugin",
            "extra": {
                "class": "Contao\\ComponentsInstaller\\Composer\\Plugin"
            },
            "autoload": {
                "psr-4": {
                    "Contao\\ComponentsInstaller\\": "src/"
                }
            },
            "notification-url": "https://packagist.org/downloads/",
            "license": [
                "LGPL-3.0+"
            ],
            "authors": [
                {
                    "name": "Leo Feyer",
                    "homepage": "https://github.com/leofeyer"
                }
            ],
            "description": "Contao components installer",
            "time": "2017-11-16T19:53:57+00:00"
        },
        {
            "name": "heimrichhannot/popper.js",
            "version": "v1.12.6",
            "source": {
                "type": "git",
                "url": "https://github.com/heimrichhannot/popper.js.git",
                "reference": "d2df487bdb16196e538a8cbfb05d396dbfc3f73f"
            },
            "dist": {
                "type": "zip",
                "url": "https://api.github.com/repos/heimrichhannot/popper.js/zipball/d2df487bdb16196e538a8cbfb05d396dbfc3f73f",
                "reference": "d2df487bdb16196e538a8cbfb05d396dbfc3f73f",
                "shasum": ""
            },
            "require": {
                "contao-components/installer": "^1.0.9"
            },
            "type": "contao-component",
            "extra": {
                "component": {
                    "scripts": [
                        "dist/*.js"
                    ],
                    "files": [
                        "dist/*.js",
                        "dist/*.map"
                    ],
                    "shim": {
                        "deps": [
                            "jquery"
                        ]
                    }
                }
            },
            "notification-url": "https://packagist.org/downloads/",
            "license": [
                "MIT"
            ],
            "authors": [
                {
                    "name": "FezVrasta"
                }
            ],
            "description": "A kickass library to manage your poppers",
            "homepage": "https://popper.js.org",
            "keywords": [
                "css",
                "framework",
                "front-end",
                "less",
                "mobile-first",
                "responsive",
                "web"
            ],
            "time": "2017-10-27T08:36:04+00:00"
        },
        {
            "name": "twbs/bootstrap",
            "version": "v4.0.0",
            "source": {
                "type": "git",
                "url": "https://github.com/twbs/bootstrap.git",
                "reference": "8a628b943cf31ca0a002c08af661a95772480225"
            },
            "dist": {
                "type": "zip",
                "url": "https://api.github.com/repos/twbs/bootstrap/zipball/8a628b943cf31ca0a002c08af661a95772480225",
                "reference": "8a628b943cf31ca0a002c08af661a95772480225",
                "shasum": ""
            },
            "replace": {
                "twitter/bootstrap": "self.version"
            },
            "type": "library",
            "extra": {
                "branch-alias": {
                    "dev-master": "3.3.x-dev"
                }
            },
            "notification-url": "https://packagist.org/downloads/",
            "license": [
                "MIT"
            ],
            "authors": [
                {
                    "name": "Jacob Thornton",
                    "email": "jacobthornton@gmail.com"
                },
                {
                    "name": "Mark Otto",
                    "email": "markdotto@gmail.com"
                }
            ],
            "description": "The most popular front-end framework for developing responsive, mobile first projects on the web.",
            "homepage": "https://getbootstrap.com",
            "keywords": [
                "JS",
                "css",
                "framework",
                "front-end",
                "mobile-first",
                "responsive",
                "sass",
                "web"
            ],
            "time": "2018-01-18T18:29:48+00:00"
        },
        {
            "name": "wenzhixin/bootstrap-table",
            "version": "1.11.1",
            "source": {
                "type": "git",
                "url": "https://github.com/wenzhixin/bootstrap-table.git",
                "reference": "d5ccd48950a03a3f7d684358bebf1899bec4d3b0"
            },
            "dist": {
                "type": "zip",
                "url": "https://api.github.com/repos/wenzhixin/bootstrap-table/zipball/d5ccd48950a03a3f7d684358bebf1899bec4d3b0",
                "reference": "d5ccd48950a03a3f7d684358bebf1899bec4d3b0",
                "shasum": ""
            },
            "require": {
                "twitter/bootstrap": ">=2.3.0"
            },
            "type": "component",
            "notification-url": "https://packagist.org/downloads/",
            "license": [
                "MIT"
            ],
            "authors": [
                {
                    "name": "wenzhixin2010",
                    "email": "wenzhixin2010@gmail.com"
                }
            ],
            "description": "An extended Bootstrap table with radio, checkbox, sort, pagination and other features.",
            "homepage": "https://github.com/wenzhixin/bootstrap-table",
            "keywords": [
                "bootstrap",
                "pagination",
                "table",
                "tablesort"
            ],
            "time": "2017-02-22T01:51:11+00:00"
        }
    ],
    "packages-dev": [],
    "aliases": [],
    "minimum-stability": "stable",
    "stability-flags": [],
    "prefer-stable": false,
    "prefer-lowest": false,
    "platform": [],
    "platform-dev": []
}
